
Microsoft Visual Studio Solution File, Format Version 12.00
# Visual Studio Version 16
VisualStudioVersion = 16.0.29926.136
MinimumVisualStudioVersion = 10.0.40219.1
Project("{9A19103F-16F7-4668-BE54-9A1E7A4F7556}") = "task2", "task2\task2.csproj", "{C5E38406-0CB0-48A9-B492-FCB8432D88C3}"
EndProject
Project("{9A19103F-16F7-4668-BE54-9A1E7A4F7556}") = "SheredClasses", "SheredClasses\SheredClasses.csproj", "{AA9C58DA-805B-4232-A10D-A8793FF07C51}"
EndProject
Project("{2150E333-8FDC-42A3-9474-1A3956D46DE8}") = "pomoshen", "pomoshen", "{DAA3CA8E-6C03-4E59-93C0-1E69EE7B4A68}"
EndProject
Project("{9A19103F-16F7-4668-BE54-9A1E7A4F7556}") = "pom1", "pom1\pom1.csproj", "{B475AA56-7FC7-4CE7-97F2-21E01B734C10}"
EndProject
Global
	GlobalSection(SolutionConfigurationPlatforms) = preSolution
		Debug|Any CPU = Debug|Any CPU
		Release|Any CPU = Release|Any CPU
	EndGlobalSection
	GlobalSection(ProjectConfigurationPlatforms) = postSolution
		{C5E38406-0CB0-48A9-B492-FCB8432D88C3}.Debug|Any CPU.ActiveCfg = Debug|Any CPU
		{C5E38406-0CB0-48A9-B492-FCB8432D88C3}.Debug|Any CPU.Build.0 = Debug|Any CPU
		{C5E38406-0CB0-48A9-B492-FCB8432D88C3}.Release|Any CPU.ActiveCfg = Release|Any CPU
		{C5E38406-0CB0-48A9-B492-FCB8432D88C3}.Release|Any CPU.Build.0 = Release|Any CPU
		{AA9C58DA-805B-4232-A10D-A8793FF07C51}.Debug|Any CPU.ActiveCfg = Debug|Any CPU
		{AA9C58DA-805B-4232-A10D-A8793FF07C51}.Debug|Any CPU.Build.0 = Debug|Any CPU
		{AA9C58DA-805B-4232-A10D-A8793FF07C51}.Release|Any CPU.ActiveCfg = Release|Any CPU
		{AA9C58DA-805B-4232-A10D-A8793FF07C51}.Release|Any CPU.Build.0 = Release|Any CPU
		{B475AA56-7FC7-4CE7-97F2-21E01B734C10}.Debug|Any CPU.ActiveCfg = Debug|Any CPU
		{B475AA56-7FC7-4CE7-97F2-21E01B734C10}.Debug|Any CPU.Build.0 = Debug|Any CPU
		{B475AA56-7FC7-4CE7-97F2-21E01B734C10}.Release|Any CPU.ActiveCfg = Release|Any CPU
		{B475AA56-7FC7-4CE7-97F2-21E01B734C10}.Release|Any CPU.Build.0 = Release|Any CPU
	EndGlobalSection
	GlobalSection(SolutionProperties) = preSolution
		HideSolutionNode = FALSE
	EndGlobalSection
	GlobalSection(NestedProjects) = preSolution
		{B475AA56-7FC7-4CE7-97F2-21E01B734C10} = {DAA3CA8E-6C03-4E59-93C0-1E69EE7B4A68}
	EndGlobalSection
	GlobalSection(ExtensibilityGlobals) = postSolution
		SolutionGuid = {FD18B536-65EE-48AC-8F32-7372F44CB665}
	EndGlobalSection
EndGlobal
